<Solution>
  <Folder Name="/examples/">
    <Project Path="examples/Macula.Examples.csproj" />
  </Folder>
  <Folder Name="/src/" />
  <Folder Name="/src/Macula/">
    <Project Path="src/Macula/Macula.Client.csproj" />
  </Folder>
  <Folder Name="/tests/">
    <Project Path="tests/Macula.Tests/Macula.Tests.csproj" />
  </Folder>
</Solution>
